
Microsoft Visual Studio Solution File, Format Version 12.00
# Visual Studio Version 16
VisualStudioVersion = 16.0.31702.278
MinimumVisualStudioVersion = 10.0.40219.1
Project("{9A19103F-16F7-4668-BE54-9A1E7A4F7556}") = "CabinetMedical", "CabinetMedical\CabinetMedical.csproj", "{79450866-816A-4BBD-AA74-EA049741317B}"
EndProject
Project("{FAE04EC0-301F-11D3-BF4B-00C04F79EFBC}") = "Rien", "Rien\Rien.csproj", "{3EA06E64-ADC0-4CBD-89E9-98560185DCF7}"
EndProject
Project("{FAE04EC0-301F-11D3-BF4B-00C04F79EFBC}") = "TestCabinetMedical", "TestCabinetMedical\TestCabinetMedical.csproj", "{838AB361-D411-4888-91CF-2B8CEB7387DE}"
EndProject
Global
	GlobalSection(SolutionConfigurationPlatforms) = preSolution
		Debug|Any CPU = Debug|Any CPU
		Release|Any CPU = Release|Any CPU
	EndGlobalSection
	GlobalSection(ProjectConfigurationPlatforms) = postSolution
		{79450866-816A-4BBD-AA74-EA049741317B}.Debug|Any CPU.ActiveCfg = Debug|Any CPU
		{79450866-816A-4BBD-AA74-EA049741317B}.Debug|Any CPU.Build.0 = Debug|Any CPU
		{79450866-816A-4BBD-AA74-EA049741317B}.Release|Any CPU.ActiveCfg = Release|Any CPU
		{79450866-816A-4BBD-AA74-EA049741317B}.Release|Any CPU.Build.0 = Release|Any CPU
		{3EA06E64-ADC0-4CBD-89E9-98560185DCF7}.Debug|Any CPU.ActiveCfg = Debug|Any CPU
		{3EA06E64-ADC0-4CBD-89E9-98560185DCF7}.Debug|Any CPU.Build.0 = Debug|Any CPU
		{3EA06E64-ADC0-4CBD-89E9-98560185DCF7}.Release|Any CPU.ActiveCfg = Release|Any CPU
		{3EA06E64-ADC0-4CBD-89E9-98560185DCF7}.Release|Any CPU.Build.0 = Release|Any CPU
		{838AB361-D411-4888-91CF-2B8CEB7387DE}.Debug|Any CPU.ActiveCfg = Debug|Any CPU
		{838AB361-D411-4888-91CF-2B8CEB7387DE}.Debug|Any CPU.Build.0 = Debug|Any CPU
		{838AB361-D411-4888-91CF-2B8CEB7387DE}.Release|Any CPU.ActiveCfg = Release|Any CPU
		{838AB361-D411-4888-91CF-2B8CEB7387DE}.Release|Any CPU.Build.0 = Release|Any CPU
	EndGlobalSection
	GlobalSection(SolutionProperties) = preSolution
		HideSolutionNode = FALSE
	EndGlobalSection
	GlobalSection(ExtensibilityGlobals) = postSolution
		SolutionGuid = {54441220-F4F7-4C03-BFD2-199AD860766D}
	EndGlobalSection
EndGlobal
